// !$*UTF8*$!
{
	archiveVersion = 1;
	classes = {
	};
	objectVersion = 51;
	objects = {

/* Begin PBXBuildFile section */
		34FFA7E8C2C1EA23AA4EB5D5 /* Pods_uLektzSkills.framework in Frameworks */ = {isa = PBXBuildFile; fileRef = ECFE8EF6D258F141CE662C6A /* Pods_uLektzSkills.framework */; };
		4D40E8CA9942D77BEF19B61C /* Pods_uLektzSkillsTests.framework in Frameworks */ = {isa = PBXBuildFile; fileRef = 8E088D3CBF5C0C439E10B920 /* Pods_uLektzSkillsTests.framework */; };
		71062341253DF58F00F08616 /* ForgetEmailMobileViewController.swift in Sources */ = {isa = PBXBuildFile; fileRef = 71062340253DF58F00F08616 /* ForgetEmailMobileViewController.swift */; };
		7137DCFE2537626600685970 /* AppDelegate.swift in Sources */ = {isa = PBXBuildFile; fileRef = 7137DCFD2537626600685970 /* AppDelegate.swift */; };
		7137DD002537626600685970 /* SceneDelegate.swift in Sources */ = {isa = PBXBuildFile; fileRef = 7137DCFF2537626600685970 /* SceneDelegate.swift */; };
		7137DD022537626600685970 /* ViewController.swift in Sources */ = {isa = PBXBuildFile; fileRef = 7137DD012537626600685970 /* ViewController.swift */; };
		7137DD052537626600685970 /* Main.storyboard in Resources */ = {isa = PBXBuildFile; fileRef = 7137DD032537626600685970 /* Main.storyboard */; };
		7137DD072537626700685970 /* Assets.xcassets in Resources */ = {isa = PBXBuildFile; fileRef = 7137DD062537626700685970 /* Assets.xcassets */; };
		7137DD0A2537626700685970 /* LaunchScreen.storyboard in Resources */ = {isa = PBXBuildFile; fileRef = 7137DD082537626700685970 /* LaunchScreen.storyboard */; };
		7137DD152537626700685970 /* uLektzSkillsTests.swift in Sources */ = {isa = PBXBuildFile; fileRef = 7137DD142537626700685970 /* uLektzSkillsTests.swift */; };
		7137DD202537626700685970 /* uLektzSkillsUITests.swift in Sources */ = {isa = PBXBuildFile; fileRef = 7137DD1F2537626700685970 /* uLektzSkillsUITests.swift */; };
		7137DD312537A48200685970 /* SignUpViewController.swift in Sources */ = {isa = PBXBuildFile; fileRef = 7137DD302537A48200685970 /* SignUpViewController.swift */; };
		7137DD772537E14B00685970 /* SignupOTPViewController.swift in Sources */ = {isa = PBXBuildFile; fileRef = 7137DD762537E14B00685970 /* SignupOTPViewController.swift */; };
		713AB11025390E08000429CB /* SuccessViewController.swift in Sources */ = {isa = PBXBuildFile; fileRef = 713AB10F25390E08000429CB /* SuccessViewController.swift */; };
		713AB11525391324000429CB /* ForgetPasswordViewController.swift in Sources */ = {isa = PBXBuildFile; fileRef = 713AB11425391324000429CB /* ForgetPasswordViewController.swift */; };
		71C23BB2253A0488009A56AB /* AlertUtility.swift in Sources */ = {isa = PBXBuildFile; fileRef = 71C23BB1253A0488009A56AB /* AlertUtility.swift */; };
		71C23BC8253A1298009A56AB /* Constant.swift in Sources */ = {isa = PBXBuildFile; fileRef = 71C23BC7253A1298009A56AB /* Constant.swift */; };
		F4A9B6DF177B0BE7D2D64627 /* Pods_uLektzSkills_uLektzSkillsUITests.framework in Frameworks */ = {isa = PBXBuildFile; fileRef = A515BAF43BA799642C550553 /* Pods_uLektzSkills_uLektzSkillsUITests.framework */; };
/* End PBXBuildFile section */

/* Begin PBXContainerItemProxy section */
		7137DD112537626700685970 /* PBXContainerItemProxy */ = {
			isa = PBXContainerItemProxy;
			containerPortal = 7137DCF22537626600685970 /* Project object */;
			proxyType = 1;
			remoteGlobalIDString = 7137DCF92537626600685970;
			remoteInfo = uLektzSkills;
		};
		7137DD1C2537626700685970 /* PBXContainerItemProxy */ = {
			isa = PBXContainerItemProxy;
			containerPortal = 7137DCF22537626600685970 /* Project object */;
			proxyType = 1;
			remoteGlobalIDString = 7137DCF92537626600685970;
			remoteInfo = uLektzSkills;
		};
/* End PBXContainerItemProxy section */

/* Begin PBXFileReference section */
		0054780DF35DC03682F833AD /* Pods-uLektzSkillsTests.debug.xcconfig */ = {isa = PBXFileReference; includeInIndex = 1; lastKnownFileType = text.xcconfig; name = "Pods-uLektzSkillsTests.debug.xcconfig"; path = "Target Support Files/Pods-uLektzSkillsTests/Pods-uLektzSkillsTests.debug.xcconfig"; sourceTree = "<group>"; };
		1CD24386D6286799E9210CCF /* Pods-uLektzSkillsTests.release.xcconfig */ = {isa = PBXFileReference; includeInIndex = 1; lastKnownFileType = text.xcconfig; name = "Pods-uLektzSkillsTests.release.xcconfig"; path = "Target Support Files/Pods-uLektzSkillsTests/Pods-uLektzSkillsTests.release.xcconfig"; sourceTree = "<group>"; };
		71062340253DF58F00F08616 /* ForgetEmailMobileViewController.swift */ = {isa = PBXFileReference; lastKnownFileType = sourcecode.swift; path = ForgetEmailMobileViewController.swift; sourceTree = "<group>"; };
		7137DCFA2537626600685970 /* uLektzSkills.app */ = {isa = PBXFileReference; explicitFileType = wrapper.application; includeInIndex = 0; path = uLektzSkills.app; sourceTree = BUILT_PRODUCTS_DIR; };
		7137DCFD2537626600685970 /* AppDelegate.swift */ = {isa = PBXFileReference; lastKnownFileType = sourcecode.swift; path = AppDelegate.swift; sourceTree = "<group>"; };
		7137DCFF2537626600685970 /* SceneDelegate.swift */ = {isa = PBXFileReference; lastKnownFileType = sourcecode.swift; path = SceneDelegate.swift; sourceTree = "<group>"; };
		7137DD012537626600685970 /* ViewController.swift */ = {isa = PBXFileReference; lastKnownFileType = sourcecode.swift; path = ViewController.swift; sourceTree = "<group>"; };
		7137DD042537626600685970 /* Base */ = {isa = PBXFileReference; lastKnownFileType = file.storyboard; name = Base; path = Base.lproj/Main.storyboard; sourceTree = "<group>"; };
		7137DD062537626700685970 /* Assets.xcassets */ = {isa = PBXFileReference; lastKnownFileType = folder.assetcatalog; path = Assets.xcassets; sourceTree = "<group>"; };
		7137DD092537626700685970 /* Base */ = {isa = PBXFileReference; lastKnownFileType = file.storyboard; name = Base; path = Base.lproj/LaunchScreen.storyboard; sourceTree = "<group>"; };
		7137DD0B2537626700685970 /* Info.plist */ = {isa = PBXFileReference; lastKnownFileType = text.plist.xml; path = Info.plist; sourceTree = "<group>"; };
		7137DD102537626700685970 /* uLektzSkillsTests.xctest */ = {isa = PBXFileReference; explicitFileType = wrapper.cfbundle; includeInIndex = 0; path = uLektzSkillsTests.xctest; sourceTree = BUILT_PRODUCTS_DIR; };
		7137DD142537626700685970 /* uLektzSkillsTests.swift */ = {isa = PBXFileReference; lastKnownFileType = sourcecode.swift; path = uLektzSkillsTests.swift; sourceTree = "<group>"; };
		7137DD162537626700685970 /* Info.plist */ = {isa = PBXFileReference; lastKnownFileType = text.plist.xml; path = Info.plist; sourceTree = "<group>"; };
		7137DD1B2537626700685970 /* uLektzSkillsUITests.xctest */ = {isa = PBXFileReference; explicitFileType = wrapper.cfbundle; includeInIndex = 0; path = uLektzSkillsUITests.xctest; sourceTree = BUILT_PRODUCTS_DIR; };
		7137DD1F2537626700685970 /* uLektzSkillsUITests.swift */ = {isa = PBXFileReference; lastKnownFileType = sourcecode.swift; path = uLektzSkillsUITests.swift; sourceTree = "<group>"; };
		7137DD212537626700685970 /* Info.plist */ = {isa = PBXFileReference; lastKnownFileType = text.plist.xml; path = Info.plist; sourceTree = "<group>"; };
		7137DD302537A48200685970 /* SignUpViewController.swift */ = {isa = PBXFileReference; lastKnownFileType = sourcecode.swift; path = SignUpViewController.swift; sourceTree = "<group>"; };
		7137DD762537E14B00685970 /* SignupOTPViewController.swift */ = {isa = PBXFileReference; lastKnownFileType = sourcecode.swift; path = SignupOTPViewController.swift; sourceTree = "<group>"; };
		713AB10F25390E08000429CB /* SuccessViewController.swift */ = {isa = PBXFileReference; lastKnownFileType = sourcecode.swift; path = SuccessViewController.swift; sourceTree = "<group>"; };
		713AB11425391324000429CB /* ForgetPasswordViewController.swift */ = {isa = PBXFileReference; lastKnownFileType = sourcecode.swift; path = ForgetPasswordViewController.swift; sourceTree = "<group>"; };
		71C23BB1253A0488009A56AB /* AlertUtility.swift */ = {isa = PBXFileReference; lastKnownFileType = sourcecode.swift; path = AlertUtility.swift; sourceTree = "<group>"; };
		71C23BC7253A1298009A56AB /* Constant.swift */ = {isa = PBXFileReference; lastKnownFileType = sourcecode.swift; path = Constant.swift; sourceTree = "<group>"; };
		7316D5FE59C73C81640CD9E2 /* Pods-uLektzSkills.debug.xcconfig */ = {isa = PBXFileReference; includeInIndex = 1; lastKnownFileType = text.xcconfig; name = "Pods-uLektzSkills.debug.xcconfig"; path = "Target Support Files/Pods-uLektzSkills/Pods-uLektzSkills.debug.xcconfig"; sourceTree = "<group>"; };
		7D423FE4987B26A7BAAE1C6B /* Pods-uLektzSkills-uLektzSkillsUITests.debug.xcconfig */ = {isa = PBXFileReference; includeInIndex = 1; lastKnownFileType = text.xcconfig; name = "Pods-uLektzSkills-uLektzSkillsUITests.debug.xcconfig"; path = "Target Support Files/Pods-uLektzSkills-uLektzSkillsUITests/Pods-uLektzSkills-uLektzSkillsUITests.debug.xcconfig"; sourceTree = "<group>"; };
		8E088D3CBF5C0C439E10B920 /* Pods_uLektzSkillsTests.framework */ = {isa = PBXFileReference; explicitFileType = wrapper.framework; includeInIndex = 0; path = Pods_uLektzSkillsTests.framework; sourceTree = BUILT_PRODUCTS_DIR; };
		A515BAF43BA799642C550553 /* Pods_uLektzSkills_uLektzSkillsUITests.framework */ = {isa = PBXFileReference; explicitFileType = wrapper.framework; includeInIndex = 0; path = Pods_uLektzSkills_uLektzSkillsUITests.framework; sourceTree = BUILT_PRODUCTS_DIR; };
		AFF7C2343B7694CE1E56BC0C /* Pods-uLektzSkills.release.xcconfig */ = {isa = PBXFileReference; includeInIndex = 1; lastKnownFileType = text.xcconfig; name = "Pods-uLektzSkills.release.xcconfig"; path = "Target Support Files/Pods-uLektzSkills/Pods-uLektzSkills.release.xcconfig"; sourceTree = "<group>"; };
		C272723C32145AAD3394B3A7 /* Pods-uLektzSkills-uLektzSkillsUITests.release.xcconfig */ = {isa = PBXFileReference; includeInIndex = 1; lastKnownFileType = text.xcconfig; name = "Pods-uLektzSkills-uLektzSkillsUITests.release.xcconfig"; path = "Target Support Files/Pods-uLektzSkills-uLektzSkillsUITests/Pods-uLektzSkills-uLektzSkillsUITests.release.xcconfig"; sourceTree = "<group>"; };
		ECFE8EF6D258F141CE662C6A /* Pods_uLektzSkills.framework */ = {isa = PBXFileReference; explicitFileType = wrapper.framework; includeInIndex = 0; path = Pods_uLektzSkills.framework; sourceTree = BUILT_PRODUCTS_DIR; };
/* End PBXFileReference section */

/* Begin PBXFrameworksBuildPhase section */
		7137DCF72537626600685970 /* Frameworks */ = {
			isa = PBXFrameworksBuildPhase;
			buildActionMask = 2147483647;
			files = (
				34FFA7E8C2C1EA23AA4EB5D5 /* Pods_uLektzSkills.framework in Frameworks */,
			);
			runOnlyForDeploymentPostprocessing = 0;
		};
		7137DD0D2537626700685970 /* Frameworks */ = {
			isa = PBXFrameworksBuildPhase;
			buildActionMask = 2147483647;
			files = (
				4D40E8CA9942D77BEF19B61C /* Pods_uLektzSkillsTests.framework in Frameworks */,
			);
			runOnlyForDeploymentPostprocessing = 0;
		};
		7137DD182537626700685970 /* Frameworks */ = {
			isa = PBXFrameworksBuildPhase;
			buildActionMask = 2147483647;
			files = (
				F4A9B6DF177B0BE7D2D64627 /* Pods_uLektzSkills_uLektzSkillsUITests.framework in Frameworks */,
			);
			runOnlyForDeploymentPostprocessing = 0;
		};
/* End PBXFrameworksBuildPhase section */

/* Begin PBXGroup section */
		09468CA130BE0725B45385F5 /* Pods */ = {
			isa = PBXGroup;
			children = (
				7316D5FE59C73C81640CD9E2 /* Pods-uLektzSkills.debug.xcconfig */,
				AFF7C2343B7694CE1E56BC0C /* Pods-uLektzSkills.release.xcconfig */,
				7D423FE4987B26A7BAAE1C6B /* Pods-uLektzSkills-uLektzSkillsUITests.debug.xcconfig */,
				C272723C32145AAD3394B3A7 /* Pods-uLektzSkills-uLektzSkillsUITests.release.xcconfig */,
				0054780DF35DC03682F833AD /* Pods-uLektzSkillsTests.debug.xcconfig */,
				1CD24386D6286799E9210CCF /* Pods-uLektzSkillsTests.release.xcconfig */,
			);
			path = Pods;
			sourceTree = "<group>";
		};
		7137DCF12537626600685970 = {
			isa = PBXGroup;
			children = (
				7137DCFC2537626600685970 /* uLektzSkills */,
				7137DD132537626700685970 /* uLektzSkillsTests */,
				7137DD1E2537626700685970 /* uLektzSkillsUITests */,
				7137DCFB2537626600685970 /* Products */,
				09468CA130BE0725B45385F5 /* Pods */,
				87BDC7A118165BAD5216E200 /* Frameworks */,
			);
			sourceTree = "<group>";
		};
		7137DCFB2537626600685970 /* Products */ = {
			isa = PBXGroup;
			children = (
				7137DCFA2537626600685970 /* uLektzSkills.app */,
				7137DD102537626700685970 /* uLektzSkillsTests.xctest */,
				7137DD1B2537626700685970 /* uLektzSkillsUITests.xctest */,
			);
			name = Products;
			sourceTree = "<group>";
		};
		7137DCFC2537626600685970 /* uLektzSkills */ = {
			isa = PBXGroup;
			children = (
				7137DCFD2537626600685970 /* AppDelegate.swift */,
				7137DCFF2537626600685970 /* SceneDelegate.swift */,
				7137DD012537626600685970 /* ViewController.swift */,
				7137DD302537A48200685970 /* SignUpViewController.swift */,
				7137DD762537E14B00685970 /* SignupOTPViewController.swift */,
				713AB10F25390E08000429CB /* SuccessViewController.swift */,
				713AB11425391324000429CB /* ForgetPasswordViewController.swift */,
				71062340253DF58F00F08616 /* ForgetEmailMobileViewController.swift */,
				7137DD032537626600685970 /* Main.storyboard */,
				7137DD062537626700685970 /* Assets.xcassets */,
				7137DD082537626700685970 /* LaunchScreen.storyboard */,
				7137DD0B2537626700685970 /* Info.plist */,
				71C23BCC253A12A0009A56AB /* constantFile */,
			);
			path = uLektzSkills;
			sourceTree = "<group>";
		};
		7137DD132537626700685970 /* uLektzSkillsTests */ = {
			isa = PBXGroup;
			children = (
				7137DD142537626700685970 /* uLektzSkillsTests.swift */,
				7137DD162537626700685970 /* Info.plist */,
			);
			path = uLektzSkillsTests;
			sourceTree = "<group>";
		};
		7137DD1E2537626700685970 /* uLektzSkillsUITests */ = {
			isa = PBXGroup;
			children = (
				7137DD1F2537626700685970 /* uLektzSkillsUITests.swift */,
				7137DD212537626700685970 /* Info.plist */,
			);
			path = uLektzSkillsUITests;
			sourceTree = "<group>";
		};
		71C23BCC253A12A0009A56AB /* constantFile */ = {
			isa = PBXGroup;
			children = (
				71C23BB1253A0488009A56AB /* AlertUtility.swift */,
				71C23BC7253A1298009A56AB /* Constant.swift */,
			);
			path = constantFile;
			sourceTree = "<group>";
		};
		87BDC7A118165BAD5216E200 /* Frameworks */ = {
			isa = PBXGroup;
			children = (
				ECFE8EF6D258F141CE662C6A /* Pods_uLektzSkills.framework */,
				A515BAF43BA799642C550553 /* Pods_uLektzSkills_uLektzSkillsUITests.framework */,
				8E088D3CBF5C0C439E10B920 /* Pods_uLektzSkillsTests.framework */,
			);
			name = Frameworks;
			sourceTree = "<group>";
		};
/* End PBXGroup section */

/* Begin PBXNativeTarget section */
		7137DCF92537626600685970 /* uLektzSkills */ = {
			isa = PBXNativeTarget;
			buildConfigurationList = 7137DD242537626700685970 /* Build configuration list for PBXNativeTarget "uLektzSkills" */;
			buildPhases = (
				6E853657C2A35C378CDFFC9A /* [CP] Check Pods Manifest.lock */,
				7137DCF62537626600685970 /* Sources */,
				7137DCF72537626600685970 /* Frameworks */,
				7137DCF82537626600685970 /* Resources */,
				CC90A4D471D2CEB99F69BC3B /* [CP] Embed Pods Frameworks */,
			);
			buildRules = (
			);
			dependencies = (
			);
			name = uLektzSkills;
			productName = uLektzSkills;
			productReference = 7137DCFA2537626600685970 /* uLektzSkills.app */;
			productType = "com.apple.product-type.application";
		};
		7137DD0F2537626700685970 /* uLektzSkillsTests */ = {
			isa = PBXNativeTarget;
			buildConfigurationList = 7137DD272537626700685970 /* Build configuration list for PBXNativeTarget "uLektzSkillsTests" */;
			buildPhases = (
				9A9893888D7124326E4114F2 /* [CP] Check Pods Manifest.lock */,
				7137DD0C2537626700685970 /* Sources */,
				7137DD0D2537626700685970 /* Frameworks */,
				7137DD0E2537626700685970 /* Resources */,
			);
			buildRules = (
			);
			dependencies = (
				7137DD122537626700685970 /* PBXTargetDependency */,
			);
			name = uLektzSkillsTests;
			productName = uLektzSkillsTests;
			productReference = 7137DD102537626700685970 /* uLektzSkillsTests.xctest */;
			productType = "com.apple.product-type.bundle.unit-test";
		};
		7137DD1A2537626700685970 /* uLektzSkillsUITests */ = {
			isa = PBXNativeTarget;
			buildConfigurationList = 7137DD2A2537626700685970 /* Build configuration list for PBXNativeTarget "uLektzSkillsUITests" */;
			buildPhases = (
				AED96DE9D68F02CEE88C5E95 /* [CP] Check Pods Manifest.lock */,
				7137DD172537626700685970 /* Sources */,
				7137DD182537626700685970 /* Frameworks */,
				7137DD192537626700685970 /* Resources */,
				AB57A619C319585F37753D3B /* [CP] Embed Pods Frameworks */,
			);
			buildRules = (
			);
			dependencies = (
				7137DD1D2537626700685970 /* PBXTargetDependency */,
			);
			name = uLektzSkillsUITests;
			productName = uLektzSkillsUITests;
			productReference = 7137DD1B2537626700685970 /* uLektzSkillsUITests.xctest */;
			productType = "com.apple.product-type.bundle.ui-testing";
		};
/* End PBXNativeTarget section */

/* Begin PBXProject section */
		7137DCF22537626600685970 /* Project object */ = {
			isa = PBXProject;
			attributes = {
				LastSwiftUpdateCheck = 1200;
				LastUpgradeCheck = 1200;
				TargetAttributes = {
					7137DCF92537626600685970 = {
						CreatedOnToolsVersion = 12.0.1;
					};
					7137DD0F2537626700685970 = {
						CreatedOnToolsVersion = 12.0.1;
						TestTargetID = 7137DCF92537626600685970;
					};
					7137DD1A2537626700685970 = {
						CreatedOnToolsVersion = 12.0.1;
						TestTargetID = 7137DCF92537626600685970;
					};
				};
			};
			buildConfigurationList = 7137DCF52537626600685970 /* Build configuration list for PBXProject "uLektzSkills" */;
			compatibilityVersion = "Xcode 9.3";
			developmentRegion = en;
			hasScannedForEncodings = 0;
			knownRegions = (
				en,
				Base,
			);
			mainGroup = 7137DCF12537626600685970;
			productRefGroup = 7137DCFB2537626600685970 /* Products */;
			projectDirPath = "";
			projectRoot = "";
			targets = (
				7137DCF92537626600685970 /* uLektzSkills */,
				7137DD0F2537626700685970 /* uLektzSkillsTests */,
				7137DD1A2537626700685970 /* uLektzSkillsUITests */,
			);
		};
/* End PBXProject section */

/* Begin PBXResourcesBuildPhase section */
		7137DCF82537626600685970 /* Resources */ = {
			isa = PBXResourcesBuildPhase;
			buildActionMask = 2147483647;
			files = (
				7137DD0A2537626700685970 /* LaunchScreen.storyboard in Resources */,
				7137DD072537626700685970 /* Assets.xcassets in Resources */,
				7137DD052537626600685970 /* Main.storyboard in Resources */,
			);
			runOnlyForDeploymentPostprocessing = 0;
		};
		7137DD0E2537626700685970 /* Resources */ = {
			isa = PBXResourcesBuildPhase;
			buildActionMask = 2147483647;
			files = (
			);
			runOnlyForDeploymentPostprocessing = 0;
		};
		7137DD192537626700685970 /* Resources */ = {
			isa = PBXResourcesBuildPhase;
			buildActionMask = 2147483647;
			files = (
			);
			runOnlyForDeploymentPostprocessing = 0;
		};
/* End PBXResourcesBuildPhase section */

/* Begin PBXShellScriptBuildPhase section */
		6E853657C2A35C378CDFFC9A /* [CP] Check Pods Manifest.lock */ = {
			isa = PBXShellScriptBuildPhase;
			buildActionMask = 2147483647;
			files = (
			);
			inputFileListPaths = (
			);
			inputPaths = (
				"${PODS_PODFILE_DIR_PATH}/Podfile.lock",
				"${PODS_ROOT}/Manifest.lock",
			);
			name = "[CP] Check Pods Manifest.lock";
			outputFileListPaths = (
			);
			outputPaths = (
				"$(DERIVED_FILE_DIR)/Pods-uLektzSkills-checkManifestLockResult.txt",
			);
			runOnlyForDeploymentPostprocessing = 0;
			shellPath = /bin/sh;
			shellScript = "diff \"${PODS_PODFILE_DIR_PATH}/Podfile.lock\" \"${PODS_ROOT}/Manifest.lock\" > /dev/null\nif [ $? != 0 ] ; then\n    # print error to STDERR\n    echo \"error: The sandbox is not in sync with the Podfile.lock. Run 'pod install' or update your CocoaPods installation.\" >&2\n    exit 1\nfi\n# This output is used by Xcode 'outputs' to avoid re-running this script phase.\necho \"SUCCESS\" > \"${SCRIPT_OUTPUT_FILE_0}\"\n";
			showEnvVarsInLog = 0;
		};
		9A9893888D7124326E4114F2 /* [CP] Check Pods Manifest.lock */ = {
			isa = PBXShellScriptBuildPhase;
			buildActionMask = 2147483647;
			files = (
			);
			inputFileListPaths = (
			);
			inputPaths = (
				"${PODS_PODFILE_DIR_PATH}/Podfile.lock",
				"${PODS_ROOT}/Manifest.lock",
			);
			name = "[CP] Check Pods Manifest.lock";
			outputFileListPaths = (
			);
			outputPaths = (
				"$(DERIVED_FILE_DIR)/Pods-uLektzSkillsTests-checkManifestLockResult.txt",
			);
			runOnlyForDeploymentPostprocessing = 0;
			shellPath = /bin/sh;
			shellScript = "diff \"${PODS_PODFILE_DIR_PATH}/Podfile.lock\" \"${PODS_ROOT}/Manifest.lock\" > /dev/null\nif [ $? != 0 ] ; then\n    # print error to STDERR\n    echo \"error: The sandbox is not in sync with the Podfile.lock. Run 'pod install' or update your CocoaPods installation.\" >&2\n    exit 1\nfi\n# This output is used by Xcode 'outputs' to avoid re-running this script phase.\necho \"SUCCESS\" > \"${SCRIPT_OUTPUT_FILE_0}\"\n";
			showEnvVarsInLog = 0;
		};
		AB57A619C319585F37753D3B /* [CP] Embed Pods Frameworks */ = {
			isa = PBXShellScriptBuildPhase;
			buildActionMask = 2147483647;
			files = (
			);
			inputFileListPaths = (
				"${PODS_ROOT}/Target Support Files/Pods-uLektzSkills-uLektzSkillsUITests/Pods-uLektzSkills-uLektzSkillsUITests-frameworks-${CONFIGURATION}-input-files.xcfilelist",
			);
			name = "[CP] Embed Pods Frameworks";
			outputFileListPaths = (
				"${PODS_ROOT}/Target Support Files/Pods-uLektzSkills-uLektzSkillsUITests/Pods-uLektzSkills-uLektzSkillsUITests-frameworks-${CONFIGURATION}-output-files.xcfilelist",
			);
			runOnlyForDeploymentPostprocessing = 0;
			shellPath = /bin/sh;
			shellScript = "\"${PODS_ROOT}/Target Support Files/Pods-uLektzSkills-uLektzSkillsUITests/Pods-uLektzSkills-uLektzSkillsUITests-frameworks.sh\"\n";
			showEnvVarsInLog = 0;
		};
		AED96DE9D68F02CEE88C5E95 /* [CP] Check Pods Manifest.lock */ = {
			isa = PBXShellScriptBuildPhase;
			buildActionMask = 2147483647;
			files = (
			);
			inputFileListPaths = (
			);
			inputPaths = (
				"${PODS_PODFILE_DIR_PATH}/Podfile.lock",
				"${PODS_ROOT}/Manifest.lock",
			);
			name = "[CP] Check Pods Manifest.lock";
			outputFileListPaths = (
			);
			outputPaths = (
				"$(DERIVED_FILE_DIR)/Pods-uLektzSkills-uLektzSkillsUITests-checkManifestLockResult.txt",
			);
			runOnlyForDeploymentPostprocessing = 0;
			shellPath = /bin/sh;
			shellScript = "diff \"${PODS_PODFILE_DIR_PATH}/Podfile.lock\" \"${PODS_ROOT}/Manifest.lock\" > /dev/null\nif [ $? != 0 ] ; then\n    # print error to STDERR\n    echo \"error: The sandbox is not in sync with the Podfile.lock. Run 'pod install' or update your CocoaPods installation.\" >&2\n    exit 1\nfi\n# This output is used by Xcode 'outputs' to avoid re-running this script phase.\necho \"SUCCESS\" > \"${SCRIPT_OUTPUT_FILE_0}\"\n";
			showEnvVarsInLog = 0;
		};
		CC90A4D471D2CEB99F69BC3B /* [CP] Embed Pods Frameworks */ = {
			isa = PBXShellScriptBuildPhase;
			buildActionMask = 2147483647;
			files = (
			);
			inputFileListPaths = (
				"${PODS_ROOT}/Target Support Files/Pods-uLektzSkills/Pods-uLektzSkills-frameworks-${CONFIGURATION}-input-files.xcfilelist",
			);
			name = "[CP] Embed Pods Frameworks";
			outputFileListPaths = (
				"${PODS_ROOT}/Target Support Files/Pods-uLektzSkills/Pods-uLektzSkills-frameworks-${CONFIGURATION}-output-files.xcfilelist",
			);
			runOnlyForDeploymentPostprocessing = 0;
			shellPath = /bin/sh;
			shellScript = "\"${PODS_ROOT}/Target Support Files/Pods-uLektzSkills/Pods-uLektzSkills-frameworks.sh\"\n";
			showEnvVarsInLog = 0;
		};
/* End PBXShellScriptBuildPhase section */

/* Begin PBXSourcesBuildPhase section */
		7137DCF62537626600685970 /* Sources */ = {
			isa = PBXSourcesBuildPhase;
			buildActionMask = 2147483647;
			files = (
				7137DD772537E14B00685970 /* SignupOTPViewController.swift in Sources */,
				71C23BB2253A0488009A56AB /* AlertUtility.swift in Sources */,
				71062341253DF58F00F08616 /* ForgetEmailMobileViewController.swift in Sources */,
				71C23BC8253A1298009A56AB /* Constant.swift in Sources */,
				7137DD022537626600685970 /* ViewController.swift in Sources */,
				7137DCFE2537626600685970 /* AppDelegate.swift in Sources */,
				7137DD312537A48200685970 /* SignUpViewController.swift in Sources */,
				713AB11525391324000429CB /* ForgetPasswordViewController.swift in Sources */,
				713AB11025390E08000429CB /* SuccessViewController.swift in Sources */,
				7137DD002537626600685970 /* SceneDelegate.swift in Sources */,
			);
			runOnlyForDeploymentPostprocessing = 0;
		};
		7137DD0C2537626700685970 /* Sources */ = {
			isa = PBXSourcesBuildPhase;
			buildActionMask = 2147483647;
			files = (
				7137DD152537626700685970 /* uLektzSkillsTests.swift in Sources */,
			);
			runOnlyForDeploymentPostprocessing = 0;
		};
		7137DD172537626700685970 /* Sources */ = {
			isa = PBXSourcesBuildPhase;
			buildActionMask = 2147483647;
			files = (
				7137DD202537626700685970 /* uLektzSkillsUITests.swift in Sources */,
			);
			runOnlyForDeploymentPostprocessing = 0;
		};
/* End PBXSourcesBuildPhase section */

/* Begin PBXTargetDependency section */
		7137DD122537626700685970 /* PBXTargetDependency */ = {
			isa = PBXTargetDependency;
			target = 7137DCF92537626600685970 /* uLektzSkills */;
			targetProxy = 7137DD112537626700685970 /* PBXContainerItemProxy */;
		};
		7137DD1D2537626700685970 /* PBXTargetDependency */ = {
			isa = PBXTargetDependency;
			target = 7137DCF92537626600685970 /* uLektzSkills */;
			targetProxy = 7137DD1C2537626700685970 /* PBXContainerItemProxy */;
		};
/* End PBXTargetDependency section */

/* Begin PBXVariantGroup section */
		7137DD032537626600685970 /* Main.storyboard */ = {
			isa = PBXVariantGroup;
			children = (
				7137DD042537626600685970 /* Base */,
			);
			name = Main.storyboard;
			sourceTree = "<group>";
		};
		7137DD082537626700685970 /* LaunchScreen.storyboard */ = {
			isa = PBXVariantGroup;
			children = (
				7137DD092537626700685970 /* Base */,
			);
			name = LaunchScreen.storyboard;
			sourceTree = "<group>";
		};
/* End PBXVariantGroup section */

/* Begin XCBuildConfiguration section */
		7137DD222537626700685970 /* Debug */ = {
			isa = XCBuildConfiguration;
			buildSettings = {
				ALWAYS_SEARCH_USER_PATHS = NO;
				CLANG_ANALYZER_NONNULL = YES;
				CLANG_ANALYZER_NUMBER_OBJECT_CONVERSION = YES_AGGRESSIVE;
				CLANG_CXX_LANGUAGE_STANDARD = "gnu++14";
				CLANG_CXX_LIBRARY = "libc++";
				CLANG_ENABLE_MODULES = YES;
				CLANG_ENABLE_OBJC_ARC = YES;
				CLANG_ENABLE_OBJC_WEAK = YES;
				CLANG_WARN_BLOCK_CAPTURE_AUTORELEASING = YES;
				CLANG_WARN_BOOL_CONVERSION = YES;
				CLANG_WARN_COMMA = YES;
				CLANG_WARN_CONSTANT_CONVERSION = YES;
				CLANG_WARN_DEPRECATED_OBJC_IMPLEMENTATIONS = YES;
				CLANG_WARN_DIRECT_OBJC_ISA_USAGE = YES_ERROR;
				CLANG_WARN_DOCUMENTATION_COMMENTS = YES;
				CLANG_WARN_EMPTY_BODY = YES;
				CLANG_WARN_ENUM_CONVERSION = YES;
				CLANG_WARN_INFINITE_RECURSION = YES;
				CLANG_WARN_INT_CONVERSION = YES;
				CLANG_WARN_NON_LITERAL_NULL_CONVERSION = YES;
				CLANG_WARN_OBJC_IMPLICIT_RETAIN_SELF = YES;
				CLANG_WARN_OBJC_LITERAL_CONVERSION = YES;
				CLANG_WARN_OBJC_ROOT_CLASS = YES_ERROR;
				CLANG_WARN_QUOTED_INCLUDE_IN_FRAMEWORK_HEADER = YES;
				CLANG_WARN_RANGE_LOOP_ANALYSIS = YES;
				CLANG_WARN_STRICT_PROTOTYPES = YES;
				CLANG_WARN_SUSPICIOUS_MOVE = YES;
				CLANG_WARN_UNGUARDED_AVAILABILITY = YES_AGGRESSIVE;
				CLANG_WARN_UNREACHABLE_CODE = YES;
				CLANG_WARN__DUPLICATE_METHOD_MATCH = YES;
				COPY_PHASE_STRIP = NO;
				DEBUG_INFORMATION_FORMAT = dwarf;
				ENABLE_STRICT_OBJC_MSGSEND = YES;
				ENABLE_TESTABILITY = YES;
				GCC_C_LANGUAGE_STANDARD = gnu11;
				GCC_DYNAMIC_NO_PIC = NO;
				GCC_NO_COMMON_BLOCKS = YES;
				GCC_OPTIMIZATION_LEVEL = 0;
				GCC_PREPROCESSOR_DEFINITIONS = (
					"DEBUG=1",
					"$(inherited)",
				);
				GCC_WARN_64_TO_32_BIT_CONVERSION = YES;
				GCC_WARN_ABOUT_RETURN_TYPE = YES_ERROR;
				GCC_WARN_UNDECLARED_SELECTOR = YES;
				GCC_WARN_UNINITIALIZED_AUTOS = YES_AGGRESSIVE;
				GCC_WARN_UNUSED_FUNCTION = YES;
				GCC_WARN_UNUSED_VARIABLE = YES;
				IPHONEOS_DEPLOYMENT_TARGET = 14.0;
				MTL_ENABLE_DEBUG_INFO = INCLUDE_SOURCE;
				MTL_FAST_MATH = YES;
				ONLY_ACTIVE_ARCH = YES;
				SDKROOT = iphoneos;
				SWIFT_ACTIVE_COMPILATION_CONDITIONS = DEBUG;
				SWIFT_OPTIMIZATION_LEVEL = "-Onone";
			};
			name = Debug;
		};
		7137DD232537626700685970 /* Release */ = {
			isa = XCBuildConfiguration;
			buildSettings = {
				ALWAYS_SEARCH_USER_PATHS = NO;
				CLANG_ANALYZER_NONNULL = YES;
				CLANG_ANALYZER_NUMBER_OBJECT_CONVERSION = YES_AGGRESSIVE;
				CLANG_CXX_LANGUAGE_STANDARD = "gnu++14";
				CLANG_CXX_LIBRARY = "libc++";
				CLANG_ENABLE_MODULES = YES;
				CLANG_ENABLE_OBJC_ARC = YES;
				CLANG_ENABLE_OBJC_WEAK = YES;
				CLANG_WARN_BLOCK_CAPTURE_AUTORELEASING = YES;
				CLANG_WARN_BOOL_CONVERSION = YES;
				CLANG_WARN_COMMA = YES;
				CLANG_WARN_CONSTANT_CONVERSION = YES;
				CLANG_WARN_DEPRECATED_OBJC_IMPLEMENTATIONS = YES;
				CLANG_WARN_DIRECT_OBJC_ISA_USAGE = YES_ERROR;
				CLANG_WARN_DOCUMENTATION_COMMENTS = YES;
				CLANG_WARN_EMPTY_BODY = YES;
				CLANG_WARN_ENUM_CONVERSION = YES;
				CLANG_WARN_INFINITE_RECURSION = YES;
				CLANG_WARN_INT_CONVERSION = YES;
				CLANG_WARN_NON_LITERAL_NULL_CONVERSION = YES;
				CLANG_WARN_OBJC_IMPLICIT_RETAIN_SELF = YES;
				CLANG_WARN_OBJC_LITERAL_CONVERSION = YES;
				CLANG_WARN_OBJC_ROOT_CLASS = YES_ERROR;
				CLANG_WARN_QUOTED_INCLUDE_IN_FRAMEWORK_HEADER = YES;
				CLANG_WARN_RANGE_LOOP_ANALYSIS = YES;
				CLANG_WARN_STRICT_PROTOTYPES = YES;
				CLANG_WARN_SUSPICIOUS_MOVE = YES;
				CLANG_WARN_UNGUARDED_AVAILABILITY = YES_AGGRESSIVE;
				CLANG_WARN_UNREACHABLE_CODE = YES;
				CLANG_WARN__DUPLICATE_METHOD_MATCH = YES;
				COPY_PHASE_STRIP = NO;
				DEBUG_INFORMATION_FORMAT = "dwarf-with-dsym";
				ENABLE_NS_ASSERTIONS = NO;
				ENABLE_STRICT_OBJC_MSGSEND = YES;
				GCC_C_LANGUAGE_STANDARD = gnu11;
				GCC_NO_COMMON_BLOCKS = YES;
				GCC_WARN_64_TO_32_BIT_CONVERSION = YES;
				GCC_WARN_ABOUT_RETURN_TYPE = YES_ERROR;
				GCC_WARN_UNDECLARED_SELECTOR = YES;
				GCC_WARN_UNINITIALIZED_AUTOS = YES_AGGRESSIVE;
				GCC_WARN_UNUSED_FUNCTION = YES;
				GCC_WARN_UNUSED_VARIABLE = YES;
				IPHONEOS_DEPLOYMENT_TARGET = 14.0;
				MTL_ENABLE_DEBUG_INFO = NO;
				MTL_FAST_MATH = YES;
				SDKROOT = iphoneos;
				SWIFT_COMPILATION_MODE = wholemodule;
				SWIFT_OPTIMIZATION_LEVEL = "-O";
				VALIDATE_PRODUCT = YES;
			};
			name = Release;
		};
		7137DD252537626700685970 /* Debug */ = {
			isa = XCBuildConfiguration;
			baseConfigurationReference = 7316D5FE59C73C81640CD9E2 /* Pods-uLektzSkills.debug.xcconfig */;
			buildSettings = {
				ASSETCATALOG_COMPILER_APPICON_NAME = AppIcon;
				ASSETCATALOG_COMPILER_GLOBAL_ACCENT_COLOR_NAME = AccentColor;
				ASSETCATALOG_COMPILER_LAUNCHIMAGE_NAME = LaunchImage;
				CODE_SIGN_STYLE = Automatic;
				INFOPLIST_FILE = uLektzSkills/Info.plist;
				LD_RUNPATH_SEARCH_PATHS = (
					"$(inherited)",
					"@executable_path/Frameworks",
				);
				PRODUCT_BUNDLE_IDENTIFIER = com.uLektzSkills.uLektzSkills;
				PRODUCT_NAME = "$(TARGET_NAME)";
				SWIFT_VERSION = 5.0;
				TARGETED_DEVICE_FAMILY = "1,2";
			};
			name = Debug;
		};
		7137DD262537626700685970 /* Release */ = {
			isa = XCBuildConfiguration;
			baseConfigurationReference = AFF7C2343B7694CE1E56BC0C /* Pods-uLektzSkills.release.xcconfig */;
			buildSettings = {
				ASSETCATALOG_COMPILER_APPICON_NAME = AppIcon;
				ASSETCATALOG_COMPILER_GLOBAL_ACCENT_COLOR_NAME = AccentColor;
				ASSETCATALOG_COMPILER_LAUNCHIMAGE_NAME = LaunchImage;
				CODE_SIGN_STYLE = Automatic;
				INFOPLIST_FILE = uLektzSkills/Info.plist;
				LD_RUNPATH_SEARCH_PATHS = (
					"$(inherited)",
					"@executable_path/Frameworks",
				);
				PRODUCT_BUNDLE_IDENTIFIER = com.uLektzSkills.uLektzSkills;
				PRODUCT_NAME = "$(TARGET_NAME)";
				SWIFT_VERSION = 5.0;
				TARGETED_DEVICE_FAMILY = "1,2";
			};
			name = Release;
		};
		7137DD282537626700685970 /* Debug */ = {
			isa = XCBuildConfiguration;
			baseConfigurationReference = 0054780DF35DC03682F833AD /* Pods-uLektzSkillsTests.debug.xcconfig */;
			buildSettings = {
				ALWAYS_EMBED_SWIFT_STANDARD_LIBRARIES = YES;
				BUNDLE_LOADER = "$(TEST_HOST)";
				CODE_SIGN_STYLE = Automatic;
				INFOPLIST_FILE = uLektzSkillsTests/Info.plist;
				IPHONEOS_DEPLOYMENT_TARGET = 14.0;
				LD_RUNPATH_SEARCH_PATHS = (
					"$(inherited)",
					"@executable_path/Frameworks",
					"@loader_path/Frameworks",
				);
				PRODUCT_BUNDLE_IDENTIFIER = com.uLektzSkills.uLektzSkillsTests;
				PRODUCT_NAME = "$(TARGET_NAME)";
				SWIFT_VERSION = 5.0;
				TARGETED_DEVICE_FAMILY = "1,2";
				TEST_HOST = "$(BUILT_PRODUCTS_DIR)/uLektzSkills.app/uLektzSkills";
			};
			name = Debug;
		};
		7137DD292537626700685970 /* Release */ = {
			isa = XCBuildConfiguration;
			baseConfigurationReference = 1CD24386D6286799E9210CCF /* Pods-uLektzSkillsTests.release.xcconfig */;
			buildSettings = {
				ALWAYS_EMBED_SWIFT_STANDARD_LIBRARIES = YES;
				BUNDLE_LOADER = "$(TEST_HOST)";
				CODE_SIGN_STYLE = Automatic;
				INFOPLIST_FILE = uLektzSkillsTests/Info.plist;
				IPHONEOS_DEPLOYMENT_TARGET = 14.0;
				LD_RUNPATH_SEARCH_PATHS = (
					"$(inherited)",
					"@executable_path/Frameworks",
					"@loader_path/Frameworks",
				);
				PRODUCT_BUNDLE_IDENTIFIER = com.uLektzSkills.uLektzSkillsTests;
				PRODUCT_NAME = "$(TARGET_NAME)";
				SWIFT_VERSION = 5.0;
				TARGETED_DEVICE_FAMILY = "1,2";
				TEST_HOST = "$(BUILT_PRODUCTS_DIR)/uLektzSkills.app/uLektzSkills";
			};
			name = Release;
		};
		7137DD2B2537626700685970 /* Debug */ = {
			isa = XCBuildConfiguration;
			baseConfigurationReference = 7D423FE4987B26A7BAAE1C6B /* Pods-uLektzSkills-uLektzSkillsUITests.debug.xcconfig */;
			buildSettings = {
				ALWAYS_EMBED_SWIFT_STANDARD_LIBRARIES = YES;
				CODE_SIGN_STYLE = Automatic;
				INFOPLIST_FILE = uLektzSkillsUITests/Info.plist;
				LD_RUNPATH_SEARCH_PATHS = (
					"$(inherited)",
					"@executable_path/Frameworks",
					"@loader_path/Frameworks",
				);
				PRODUCT_BUNDLE_IDENTIFIER = com.uLektzSkills.uLektzSkillsUITests;
				PRODUCT_NAME = "$(TARGET_NAME)";
				SWIFT_VERSION = 5.0;
				TARGETED_DEVICE_FAMILY = "1,2";
				TEST_TARGET_NAME = uLektzSkills;
			};
			name = Debug;
		};
		7137DD2C2537626700685970 /* Release */ = {
			isa = XCBuildConfiguration;
			baseConfigurationReference = C272723C32145AAD3394B3A7 /* Pods-uLektzSkills-uLektzSkillsUITests.release.xcconfig */;
			buildSettings = {
				ALWAYS_EMBED_SWIFT_STANDARD_LIBRARIES = YES;
				CODE_SIGN_STYLE = Automatic;
				INFOPLIST_FILE = uLektzSkillsUITests/Info.plist;
				LD_RUNPATH_SEARCH_PATHS = (
					"$(inherited)",
					"@executable_path/Frameworks",
					"@loader_path/Frameworks",
				);
				PRODUCT_BUNDLE_IDENTIFIER = com.uLektzSkills.uLektzSkillsUITests;
				PRODUCT_NAME = "$(TARGET_NAME)";
				SWIFT_VERSION = 5.0;
				TARGETED_DEVICE_FAMILY = "1,2";
				TEST_TARGET_NAME = uLektzSkills;
			};
			name = Release;
		};
/* End XCBuildConfiguration section */

/* Begin XCConfigurationList section */
		7137DCF52537626600685970 /* Build configuration list for PBXProject "uLektzSkills" */ = {
			isa = XCConfigurationList;
			buildConfigurations = (
				7137DD222537626700685970 /* Debug */,
				7137DD232537626700685970 /* Release */,
			);
			defaultConfigurationIsVisible = 0;
			defaultConfigurationName = Release;
		};
		7137DD242537626700685970 /* Build configuration list for PBXNativeTarget "uLektzSkills" */ = {
			isa = XCConfigurationList;
			buildConfigurations = (
				7137DD252537626700685970 /* Debug */,
				7137DD262537626700685970 /* Release */,
			);
			defaultConfigurationIsVisible = 0;
			defaultConfigurationName = Release;
		};
		7137DD272537626700685970 /* Build configuration list for PBXNativeTarget "uLektzSkillsTests" */ = {
			isa = XCConfigurationList;
			buildConfigurations = (
				7137DD282537626700685970 /* Debug */,
				7137DD292537626700685970 /* Release */,
			);
			defaultConfigurationIsVisible = 0;
			defaultConfigurationName = Release;
		};
		7137DD2A2537626700685970 /* Build configuration list for PBXNativeTarget "uLektzSkillsUITests" */ = {
			isa = XCConfigurationList;
			buildConfigurations = (
				7137DD2B2537626700685970 /* Debug */,
				7137DD2C2537626700685970 /* Release */,
			);
			defaultConfigurationIsVisible = 0;
			defaultConfigurationName = Release;
		};
/* End XCConfigurationList section */
	};
	rootObject = 7137DCF22537626600685970 /* Project object */;
}
